
Microsoft Visual Studio Solution File, Format Version 12.00
# Visual Studio 15
VisualStudioVersion = 15.0.26430.6
MinimumVisualStudioVersion = 10.0.40219.1
Project("{2150E333-8FDC-42A3-9474-1A3956D46DE8}") = "src", "src", "{EB07DDA4-DB49-455F-AE9F-E6B414FBAB94}"
EndProject
Project("{2150E333-8FDC-42A3-9474-1A3956D46DE8}") = "Solution Items", "Solution Items", "{0873D101-300E-4976-B9BC-AA09C21A2BA3}"
EndProject
Project("{9A19103F-16F7-4668-BE54-9A1E7A4F7556}") = "Snake.Portal.Api", "src\Snake.Portal.Api\Snake.Portal.Api.csproj", "{C1CAE2FE-0CF2-4E3A-8D12-019FD304410D}"
EndProject
Project("{FAE04EC0-301F-11D3-BF4B-00C04F79EFBC}") = "BL", "src\BL\BL.csproj", "{7DFF5AED-126A-4EB9-8904-DA7EDA873291}"
EndProject
Project("{FAE04EC0-301F-11D3-BF4B-00C04F79EFBC}") = "DAL", "src\DAL\DAL.csproj", "{94E7672F-546D-4C39-84E8-80A34151DF04}"
EndProject
Project("{FAE04EC0-301F-11D3-BF4B-00C04F79EFBC}") = "Entities", "src\Entities\Entities.csproj", "{A3130705-1FBE-406F-87C4-CDADBE50D9B0}"
EndProject
Project("{FAE04EC0-301F-11D3-BF4B-00C04F79EFBC}") = "Mappers", "src\Mappers\Mappers.csproj", "{4A99F39E-C7A3-482A-9C6B-62991C4B4E43}"
EndProject
Project("{FAE04EC0-301F-11D3-BF4B-00C04F79EFBC}") = "DTO", "src\DTO\DTO.csproj", "{1A9EB345-178C-45FA-9813-C2444D8685D7}"
EndProject
Project("{FAE04EC0-301F-11D3-BF4B-00C04F79EFBC}") = "Exceptions", "src\Exceptions\Exceptions.csproj", "{8E5F8792-020F-4BC7-9FF3-110855ACEE9E}"
EndProject
Project("{FAE04EC0-301F-11D3-BF4B-00C04F79EFBC}") = "Snake.Portal.UnitTests", "src\Snake.Portal.UnitTests\Snake.Portal.UnitTests.csproj", "{645FCDF9-C10C-4334-B947-FFD3FCD1D23F}"
EndProject
Project("{FAE04EC0-301F-11D3-BF4B-00C04F79EFBC}") = "SnakePortal.Shared", "SnakePortal.Shared\SnakePortal.Shared.csproj", "{4692C6E2-D07F-4120-8821-6B9D177600AD}"
EndProject
Global
	GlobalSection(SolutionConfigurationPlatforms) = preSolution
		Debug|Any CPU = Debug|Any CPU
		Release|Any CPU = Release|Any CPU
	EndGlobalSection
	GlobalSection(ProjectConfigurationPlatforms) = postSolution
		{C1CAE2FE-0CF2-4E3A-8D12-019FD304410D}.Debug|Any CPU.ActiveCfg = Debug|Any CPU
		{C1CAE2FE-0CF2-4E3A-8D12-019FD304410D}.Debug|Any CPU.Build.0 = Debug|Any CPU
		{C1CAE2FE-0CF2-4E3A-8D12-019FD304410D}.Release|Any CPU.ActiveCfg = Release|Any CPU
		{C1CAE2FE-0CF2-4E3A-8D12-019FD304410D}.Release|Any CPU.Build.0 = Release|Any CPU
		{7DFF5AED-126A-4EB9-8904-DA7EDA873291}.Debug|Any CPU.ActiveCfg = Debug|Any CPU
		{7DFF5AED-126A-4EB9-8904-DA7EDA873291}.Debug|Any CPU.Build.0 = Debug|Any CPU
		{7DFF5AED-126A-4EB9-8904-DA7EDA873291}.Release|Any CPU.ActiveCfg = Release|Any CPU
		{7DFF5AED-126A-4EB9-8904-DA7EDA873291}.Release|Any CPU.Build.0 = Release|Any CPU
		{94E7672F-546D-4C39-84E8-80A34151DF04}.Debug|Any CPU.ActiveCfg = Debug|Any CPU
		{94E7672F-546D-4C39-84E8-80A34151DF04}.Debug|Any CPU.Build.0 = Debug|Any CPU
		{94E7672F-546D-4C39-84E8-80A34151DF04}.Release|Any CPU.ActiveCfg = Release|Any CPU
		{94E7672F-546D-4C39-84E8-80A34151DF04}.Release|Any CPU.Build.0 = Release|Any CPU
		{A3130705-1FBE-406F-87C4-CDADBE50D9B0}.Debug|Any CPU.ActiveCfg = Debug|Any CPU
		{A3130705-1FBE-406F-87C4-CDADBE50D9B0}.Debug|Any CPU.Build.0 = Debug|Any CPU
		{A3130705-1FBE-406F-87C4-CDADBE50D9B0}.Release|Any CPU.ActiveCfg = Release|Any CPU
		{A3130705-1FBE-406F-87C4-CDADBE50D9B0}.Release|Any CPU.Build.0 = Release|Any CPU
		{4A99F39E-C7A3-482A-9C6B-62991C4B4E43}.Debug|Any CPU.ActiveCfg = Debug|Any CPU
		{4A99F39E-C7A3-482A-9C6B-62991C4B4E43}.Debug|Any CPU.Build.0 = Debug|Any CPU
		{4A99F39E-C7A3-482A-9C6B-62991C4B4E43}.Release|Any CPU.ActiveCfg = Release|Any CPU
		{4A99F39E-C7A3-482A-9C6B-62991C4B4E43}.Release|Any CPU.Build.0 = Release|Any CPU
		{1A9EB345-178C-45FA-9813-C2444D8685D7}.Debug|Any CPU.ActiveCfg = Debug|Any CPU
		{1A9EB345-178C-45FA-9813-C2444D8685D7}.Debug|Any CPU.Build.0 = Debug|Any CPU
		{1A9EB345-178C-45FA-9813-C2444D8685D7}.Release|Any CPU.ActiveCfg = Release|Any CPU
		{1A9EB345-178C-45FA-9813-C2444D8685D7}.Release|Any CPU.Build.0 = Release|Any CPU
		{8E5F8792-020F-4BC7-9FF3-110855ACEE9E}.Debug|Any CPU.ActiveCfg = Debug|Any CPU
		{8E5F8792-020F-4BC7-9FF3-110855ACEE9E}.Debug|Any CPU.Build.0 = Debug|Any CPU
		{8E5F8792-020F-4BC7-9FF3-110855ACEE9E}.Release|Any CPU.ActiveCfg = Release|Any CPU
		{8E5F8792-020F-4BC7-9FF3-110855ACEE9E}.Release|Any CPU.Build.0 = Release|Any CPU
		{645FCDF9-C10C-4334-B947-FFD3FCD1D23F}.Debug|Any CPU.ActiveCfg = Debug|Any CPU
		{645FCDF9-C10C-4334-B947-FFD3FCD1D23F}.Debug|Any CPU.Build.0 = Debug|Any CPU
		{645FCDF9-C10C-4334-B947-FFD3FCD1D23F}.Release|Any CPU.ActiveCfg = Release|Any CPU
		{645FCDF9-C10C-4334-B947-FFD3FCD1D23F}.Release|Any CPU.Build.0 = Release|Any CPU
		{4692C6E2-D07F-4120-8821-6B9D177600AD}.Debug|Any CPU.ActiveCfg = Debug|Any CPU
		{4692C6E2-D07F-4120-8821-6B9D177600AD}.Debug|Any CPU.Build.0 = Debug|Any CPU
		{4692C6E2-D07F-4120-8821-6B9D177600AD}.Release|Any CPU.ActiveCfg = Release|Any CPU
		{4692C6E2-D07F-4120-8821-6B9D177600AD}.Release|Any CPU.Build.0 = Release|Any CPU
	EndGlobalSection
	GlobalSection(SolutionProperties) = preSolution
		HideSolutionNode = FALSE
	EndGlobalSection
	GlobalSection(NestedProjects) = preSolution
		{C1CAE2FE-0CF2-4E3A-8D12-019FD304410D} = {EB07DDA4-DB49-455F-AE9F-E6B414FBAB94}
		{7DFF5AED-126A-4EB9-8904-DA7EDA873291} = {EB07DDA4-DB49-455F-AE9F-E6B414FBAB94}
		{94E7672F-546D-4C39-84E8-80A34151DF04} = {EB07DDA4-DB49-455F-AE9F-E6B414FBAB94}
		{A3130705-1FBE-406F-87C4-CDADBE50D9B0} = {EB07DDA4-DB49-455F-AE9F-E6B414FBAB94}
		{4A99F39E-C7A3-482A-9C6B-62991C4B4E43} = {EB07DDA4-DB49-455F-AE9F-E6B414FBAB94}
		{1A9EB345-178C-45FA-9813-C2444D8685D7} = {EB07DDA4-DB49-455F-AE9F-E6B414FBAB94}
		{8E5F8792-020F-4BC7-9FF3-110855ACEE9E} = {EB07DDA4-DB49-455F-AE9F-E6B414FBAB94}
		{645FCDF9-C10C-4334-B947-FFD3FCD1D23F} = {EB07DDA4-DB49-455F-AE9F-E6B414FBAB94}
		{4692C6E2-D07F-4120-8821-6B9D177600AD} = {EB07DDA4-DB49-455F-AE9F-E6B414FBAB94}
	EndGlobalSection
EndGlobal
